
Microsoft Visual Studio Solution File, Format Version 12.00
# Visual Studio 15
VisualStudioVersion = 15.0.28307.136
MinimumVisualStudioVersion = 10.0.40219.1
Project("{FAE04EC0-301F-11D3-BF4B-00C04F79EFBC}") = "PLWPF", "PLWPF\PLWPF.csproj", "{7FEF3BB8-1031-4F1A-8C94-EE081D553EC2}"
EndProject
Global
	GlobalSection(SolutionConfigurationPlatforms) = preSolution
		Debug|Any CPU = Debug|Any CPU
		Release|Any CPU = Release|Any CPU
	EndGlobalSection
	GlobalSection(ProjectConfigurationPlatforms) = postSolution
		{7FEF3BB8-1031-4F1A-8C94-EE081D553EC2}.Debug|Any CPU.ActiveCfg = Debug|Any CPU
		{7FEF3BB8-1031-4F1A-8C94-EE081D553EC2}.Debug|Any CPU.Build.0 = Debug|Any CPU
		{7FEF3BB8-1031-4F1A-8C94-EE081D553EC2}.Release|Any CPU.ActiveCfg = Release|Any CPU
		{7FEF3BB8-1031-4F1A-8C94-EE081D553EC2}.Release|Any CPU.Build.0 = Release|Any CPU
	EndGlobalSection
	GlobalSection(SolutionProperties) = preSolution
		HideSolutionNode = FALSE
	EndGlobalSection
	GlobalSection(ExtensibilityGlobals) = postSolution
		SolutionGuid = {BB5E965E-03E7-483D-AC65-1A2EE0ACF86C}
	EndGlobalSection
EndGlobal
